
Microsoft Visual Studio Solution File, Format Version 12.00
# Visual Studio Version 17
VisualStudioVersion = 17.14.36518.9
MinimumVisualStudioVersion = 10.0.40219.1
Project("{FAE04EC0-301F-11D3-BF4B-00C04F79EFBC}") = "API", "PTPM_BaoTriThietBi\API.csproj", "{FBAE1AF9-518C-47DA-BE19-A5574EE0E05E}"
EndProject
Project("{FAE04EC0-301F-11D3-BF4B-00C04F79EFBC}") = "DAL", "DAL\DAL.csproj", "{D3A210B2-1E34-4865-9227-45241F37886A}"
EndProject
Project("{FAE04EC0-301F-11D3-BF4B-00C04F79EFBC}") = "BLL", "BLL\BLL.csproj", "{31858E6F-CBFA-4971-83F8-D6A3D643578F}"
EndProject
Project("{FAE04EC0-301F-11D3-BF4B-00C04F79EFBC}") = "Model", "Model\Model.csproj", "{32777D40-9B64-4DEB-8E72-1E2EFD871319}"
EndProject
Global
	GlobalSection(SolutionConfigurationPlatforms) = preSolution
		Debug|Any CPU = Debug|Any CPU
		Release|Any CPU = Release|Any CPU
	EndGlobalSection
	GlobalSection(ProjectConfigurationPlatforms) = postSolution
		{FBAE1AF9-518C-47DA-BE19-A5574EE0E05E}.Debug|Any CPU.ActiveCfg = Debug|Any CPU
		{FBAE1AF9-518C-47DA-BE19-A5574EE0E05E}.Debug|Any CPU.Build.0 = Debug|Any CPU
		{FBAE1AF9-518C-47DA-BE19-A5574EE0E05E}.Release|Any CPU.ActiveCfg = Release|Any CPU
		{FBAE1AF9-518C-47DA-BE19-A5574EE0E05E}.Release|Any CPU.Build.0 = Release|Any CPU
		{D3A210B2-1E34-4865-9227-45241F37886A}.Debug|Any CPU.ActiveCfg = Debug|Any CPU
		{D3A210B2-1E34-4865-9227-45241F37886A}.Debug|Any CPU.Build.0 = Debug|Any CPU
		{D3A210B2-1E34-4865-9227-45241F37886A}.Release|Any CPU.ActiveCfg = Release|Any CPU
		{D3A210B2-1E34-4865-9227-45241F37886A}.Release|Any CPU.Build.0 = Release|Any CPU
		{31858E6F-CBFA-4971-83F8-D6A3D643578F}.Debug|Any CPU.ActiveCfg = Debug|Any CPU
		{31858E6F-CBFA-4971-83F8-D6A3D643578F}.Debug|Any CPU.Build.0 = Debug|Any CPU
		{31858E6F-CBFA-4971-83F8-D6A3D643578F}.Release|Any CPU.ActiveCfg = Release|Any CPU
		{31858E6F-CBFA-4971-83F8-D6A3D643578F}.Release|Any CPU.Build.0 = Release|Any CPU
		{32777D40-9B64-4DEB-8E72-1E2EFD871319}.Debug|Any CPU.ActiveCfg = Debug|Any CPU
		{32777D40-9B64-4DEB-8E72-1E2EFD871319}.Debug|Any CPU.Build.0 = Debug|Any CPU
		{32777D40-9B64-4DEB-8E72-1E2EFD871319}.Release|Any CPU.ActiveCfg = Release|Any CPU
		{32777D40-9B64-4DEB-8E72-1E2EFD871319}.Release|Any CPU.Build.0 = Release|Any CPU
	EndGlobalSection
	GlobalSection(SolutionProperties) = preSolution
		HideSolutionNode = FALSE
	EndGlobalSection
	GlobalSection(ExtensibilityGlobals) = postSolution
		SolutionGuid = {D7045F66-39E4-49DD-AC43-0D3B324C8752}
	EndGlobalSection
EndGlobal
